
Microsoft Visual Studio Solution File, Format Version 12.00
# Visual Studio Version 16
VisualStudioVersion = 16.0.33214.272
MinimumVisualStudioVersion = 10.0.40219.1
Project("{FAE04EC0-301F-11D3-BF4B-00C04F79EFBC}") = "home5", "home5\home5.csproj", "{3FFAE0BB-799F-4884-BC9F-A53F9C1A59BA}"
EndProject
Global
	GlobalSection(SolutionConfigurationPlatforms) = preSolution
		Debug|Any CPU = Debug|Any CPU
		Release|Any CPU = Release|Any CPU
	EndGlobalSection
	GlobalSection(ProjectConfigurationPlatforms) = postSolution
		{3FFAE0BB-799F-4884-BC9F-A53F9C1A59BA}.Debug|Any CPU.ActiveCfg = Debug|Any CPU
		{3FFAE0BB-799F-4884-BC9F-A53F9C1A59BA}.Debug|Any CPU.Build.0 = Debug|Any CPU
		{3FFAE0BB-799F-4884-BC9F-A53F9C1A59BA}.Release|Any CPU.ActiveCfg = Release|Any CPU
		{3FFAE0BB-799F-4884-BC9F-A53F9C1A59BA}.Release|Any CPU.Build.0 = Release|Any CPU
	EndGlobalSection
	GlobalSection(SolutionProperties) = preSolution
		HideSolutionNode = FALSE
	EndGlobalSection
	GlobalSection(ExtensibilityGlobals) = postSolution
		SolutionGuid = {2DA70485-EF18-4133-B396-1336682F443F}
	EndGlobalSection
EndGlobal
